{
  "name": "nyt.appshell",
  "version": "1.0.0",
  "lockfileVersion": 3,
  "requires": true,
  "packages": {
    "": {
      "name": "nyt.appshell",
      "version": "1.0.0",
      "license": "ISC",
      "dependencies": {
        "piral-blazor": "^1.6.2",
        "piral-core": "^1.6.2"
      }
    },
    "node_modules/piral-base": {
      "version": "1.6.2",
      "resolved": "https://registry.npmjs.org/piral-base/-/piral-base-1.6.2.tgz",
      "integrity": "sha512-VHf387RlD5neajNjcJiZnfOmtpbh0tBJUMejteu/i6YJ0OZENDwCGKbC/qZoV4f8g9Ju3oBvKQmfixtM8yC9Ww==",
      "license": "MIT",
      "dependencies": {
        "tslib": "^2.3.1"
      },
      "funding": {
        "type": "github",
        "url": "https://github.com/sponsors/smapiot"
      }
    },
    "node_modules/piral-blazor": {
      "version": "1.6.2",
      "resolved": "https://registry.npmjs.org/piral-blazor/-/piral-blazor-1.6.2.tgz",
      "integrity": "sha512-jq35KxEQ9hFDmRYyBxcYeiC1YKdyZVai61CUZBBWURmemGcJ7ijZayw9DuHPhfYRRq2+j0HtpcmecPu3GiaWhA==",
      "license": "MIT"
    },
    "node_modules/piral-core": {
      "version": "1.6.2",
      "resolved": "https://registry.npmjs.org/piral-core/-/piral-core-1.6.2.tgz",
      "integrity": "sha512-8NpZXUkChwWMLSp7aWBFObqBuh24tEuW1sx20zwgOI9ACHaLCruAGgbTBwENqKyFQa1gQXlqz3rRwcoIKmtPyg==",
      "license": "MIT",
      "dependencies": {
        "piral-base": "^1.6.2",
        "piral-debug-utils": "^1.6.2",
        "zustand": "^3.0.0"
      },
      "funding": {
        "type": "github",
        "url": "https://github.com/sponsors/smapiot"
      }
    },
    "node_modules/piral-debug-utils": {
      "version": "1.6.2",
      "resolved": "https://registry.npmjs.org/piral-debug-utils/-/piral-debug-utils-1.6.2.tgz",
      "integrity": "sha512-OjVBkW9vRBWw6cRSBJfL0DVh0tWN8U3CRH1X9IWMAsDgVsbA6NuokFH1tmlrGVp+1CQn3I33mJwetAPolaagCQ==",
      "license": "MIT"
    },
    "node_modules/tslib": {
      "version": "2.7.0",
      "resolved": "https://registry.npmjs.org/tslib/-/tslib-2.7.0.tgz",
      "integrity": "sha512-gLXCKdN1/j47AiHiOkJN69hJmcbGTHI0ImLmbYLHykhgeN0jVGola9yVjFgzCUklsZQMW55o+dW7IXv3RCXDzA==",
      "license": "0BSD"
    },
    "node_modules/zustand": {
      "version": "3.7.2",
      "resolved": "https://registry.npmjs.org/zustand/-/zustand-3.7.2.tgz",
      "integrity": "sha512-PIJDIZKtokhof+9+60cpockVOq05sJzHCriyvaLBmEJixseQ1a5Kdov6fWZfWOu5SK9c+FhH1jU0tntLxRJYMA==",
      "license": "MIT",
      "engines": {
        "node": ">=12.7.0"
      },
      "peerDependencies": {
        "react": ">=16.8"
      },
      "peerDependenciesMeta": {
        "react": {
          "optional": true
        }
      }
    }
  }
}
